
Microsoft Visual Studio Solution File, Format Version 12.00
# Visual Studio Version 17
VisualStudioVersion = 17.6.33829.357
MinimumVisualStudioVersion = 10.0.40219.1
Project("{FAE04EC0-301F-11D3-BF4B-00C04F79EFBC}") = "CRUDOperationsOnEmployee", "CRUDOperationsOnEmployee\CRUDOperationsOnEmployee.csproj", "{09BA78C2-4BAE-49CF-AB08-542A0B62D3A2}"
EndProject
Global
	GlobalSection(SolutionConfigurationPlatforms) = preSolution
		Debug|Any CPU = Debug|Any CPU
		Release|Any CPU = Release|Any CPU
	EndGlobalSection
	GlobalSection(ProjectConfigurationPlatforms) = postSolution
		{09BA78C2-4BAE-49CF-AB08-542A0B62D3A2}.Debug|Any CPU.ActiveCfg = Debug|Any CPU
		{09BA78C2-4BAE-49CF-AB08-542A0B62D3A2}.Debug|Any CPU.Build.0 = Debug|Any CPU
		{09BA78C2-4BAE-49CF-AB08-542A0B62D3A2}.Release|Any CPU.ActiveCfg = Release|Any CPU
		{09BA78C2-4BAE-49CF-AB08-542A0B62D3A2}.Release|Any CPU.Build.0 = Release|Any CPU
	EndGlobalSection
	GlobalSection(SolutionProperties) = preSolution
		HideSolutionNode = FALSE
	EndGlobalSection
	GlobalSection(ExtensibilityGlobals) = postSolution
		SolutionGuid = {0BA63A96-6DC3-46D4-B975-000F770D487E}
	EndGlobalSection
EndGlobal
